<?xml version="1.0" encoding="utf-8"?>
<Project ToolsVersion="4.0" xmlns="http://schemas.microsoft.com/developer/msbuild/2003">
  <ItemGroup>
    <ClCompile Include="sdk\winapi\impl\winapi.cpp" />
    <ClCompile Include="core\ctx\impl\ctx.cpp" />
    <ClCompile Include="sdk\memory\impl\memory.cpp" />
    <ClCompile Include="main.cpp" />
    <ClCompile Include="sdk\pe\impl\modules.cpp" />
    <ClCompile Include="core\valve\entities\impl\entities.cpp" />
    <ClCompile Include="core\valve\engine\impl\engine.cpp" />
    <ClCompile Include="core\valve\offsets\impl\offsets.cpp" />
    <ClCompile Include="core\hacks\aimbot\impl\aimbot.cpp" />
    <ClCompile Include="core\hacks\triggerbot\impl\triggerbot.cpp" />
    <ClCompile Include="core\config\impl\config.cpp" />
    <ClCompile Include="thirdparty\json\json.cpp" />
    <ClCompile Include="core\hacks\sound\impl\sound.cpp" />
  </ItemGroup>
  <ItemGroup>
    <ClInclude Include="sdk\sdk.hpp" />
    <ClInclude Include="sdk\pe\detail\address.hpp" />
    <ClInclude Include="sdk\pe\pe.hpp" />
    <ClInclude Include="thirdparty\hash.hpp" />
    <ClInclude Include="sdk\winapi\winapi.hpp" />
    <ClInclude Include="sdk\pe\detail\structs.hpp" />
    <ClInclude Include="core\ctx\ctx.hpp" />
    <ClInclude Include="core\csgo.hpp" />
    <ClInclude Include="sdk\memory\memory.hpp" />
    <ClInclude Include="thirdparty\xor.hpp" />
    <ClInclude Include="sdk\pe\detail\pattern.hpp" />
    <ClInclude Include="thirdparty\x86retspoof.hpp" />
    <ClInclude Include="core\valve\valve.hpp" />
    <ClInclude Include="core\valve\entities\entities.hpp" />
    <ClInclude Include="core\valve\engine\engine.hpp" />
    <ClInclude Include="core\valve\offsets\offsets.hpp" />
    <ClInclude Include="core\valve\classes\vec3.hpp" />
    <ClInclude Include="core\hacks\hacks.hpp" />
    <ClInclude Include="core\hacks\aimbot\aimbot.hpp" />
    <ClInclude Include="core\hacks\triggerbot\triggerbot.hpp" />
    <ClInclude Include="core\config\config.hpp" />
    <ClInclude Include="thirdparty\json\json.hpp" />
    <ClInclude Include="core\valve\classes\weapons.hpp" />
    <ClInclude Include="core\hacks\sound\sound.hpp" />
    <ClInclude Include="core\hacks\sound\resource\sound.hpp" />
  </ItemGroup>
</Project>